
Microsoft Visual Studio Solution File, Format Version 12.00
# Visual Studio Version 17
VisualStudioVersion = 17.9.34622.214
MinimumVisualStudioVersion = 10.0.40219.1
Project("{2150E333-8FDC-42A3-9474-1A3956D46DE8}") = "Services", "Services", "{2C0530E6-4E8E-4CE4-94B6-3E7FC6385581}"
EndProject
Project("{2150E333-8FDC-42A3-9474-1A3956D46DE8}") = "Catalog", "Catalog", "{5BD878BC-E48D-41D2-921C-7C333B0B9BA8}"
EndProject
Project("{9A19103F-16F7-4668-BE54-9A1E7A4F7556}") = "Catalog.API", "Services\Catalog.API\Catalog.API.csproj", "{A96E4D62-A487-45C1-B368-542F31D37975}"
EndProject
Project("{2150E333-8FDC-42A3-9474-1A3956D46DE8}") = "BuildingBlocks", "BuildingBlocks", "{996577F0-9F04-4DCD-9B74-252F1F5DBF84}"
EndProject
Project("{9A19103F-16F7-4668-BE54-9A1E7A4F7556}") = "BuildingBlocks", "BuildingBlocks\BuildingBlocks\BuildingBlocks.csproj", "{581214AA-7FCF-4AAE-B505-1D8D2749202E}"
EndProject
Project("{E53339B2-1760-4266-BCC7-CA923CBCF16C}") = "docker-compose", "docker-compose.dcproj", "{714B647D-0488-4BF2-A7D0-C128EFC41B29}"
EndProject
Project("{2150E333-8FDC-42A3-9474-1A3956D46DE8}") = "Basket", "Basket", "{4C42FE86-0D8B-44CF-8DB6-09118A694018}"
EndProject
Project("{9A19103F-16F7-4668-BE54-9A1E7A4F7556}") = "Basket.API", "Services\Basket\Basket.API\Basket.API.csproj", "{E9BF6E4A-4551-4861-A3DA-83C233521317}"
EndProject
Project("{2150E333-8FDC-42A3-9474-1A3956D46DE8}") = "Discount", "Discount", "{C002AB9B-572E-4A72-9368-E48404B2F49B}"
EndProject
Project("{9A19103F-16F7-4668-BE54-9A1E7A4F7556}") = "Discount.Grpc", "Services\Discount\Discount.Grpc\Discount.Grpc.csproj", "{29D74041-A7F6-43DB-8CF6-4AA775DC801E}"
EndProject
Project("{2150E333-8FDC-42A3-9474-1A3956D46DE8}") = "Ordering", "Ordering", "{D6D038DD-8DF2-4BB0-BAAC-D9A40C408DC3}"
EndProject
Project("{FAE04EC0-301F-11D3-BF4B-00C04F79EFBC}") = "Ordering.API", "Services\Ordering\Ordering.API\Ordering.API.csproj", "{AEB6D0F6-A3FC-48A6-8E5C-6A9FC422D993}"
EndProject
Global
	GlobalSection(SolutionConfigurationPlatforms) = preSolution
		Debug|Any CPU = Debug|Any CPU
		Release|Any CPU = Release|Any CPU
	EndGlobalSection
	GlobalSection(ProjectConfigurationPlatforms) = postSolution
		{A96E4D62-A487-45C1-B368-542F31D37975}.Debug|Any CPU.ActiveCfg = Debug|Any CPU
		{A96E4D62-A487-45C1-B368-542F31D37975}.Debug|Any CPU.Build.0 = Debug|Any CPU
		{A96E4D62-A487-45C1-B368-542F31D37975}.Release|Any CPU.ActiveCfg = Release|Any CPU
		{A96E4D62-A487-45C1-B368-542F31D37975}.Release|Any CPU.Build.0 = Release|Any CPU
		{581214AA-7FCF-4AAE-B505-1D8D2749202E}.Debug|Any CPU.ActiveCfg = Debug|Any CPU
		{581214AA-7FCF-4AAE-B505-1D8D2749202E}.Debug|Any CPU.Build.0 = Debug|Any CPU
		{581214AA-7FCF-4AAE-B505-1D8D2749202E}.Release|Any CPU.ActiveCfg = Release|Any CPU
		{581214AA-7FCF-4AAE-B505-1D8D2749202E}.Release|Any CPU.Build.0 = Release|Any CPU
		{714B647D-0488-4BF2-A7D0-C128EFC41B29}.Debug|Any CPU.ActiveCfg = Debug|Any CPU
		{714B647D-0488-4BF2-A7D0-C128EFC41B29}.Debug|Any CPU.Build.0 = Debug|Any CPU
		{714B647D-0488-4BF2-A7D0-C128EFC41B29}.Release|Any CPU.ActiveCfg = Release|Any CPU
		{714B647D-0488-4BF2-A7D0-C128EFC41B29}.Release|Any CPU.Build.0 = Release|Any CPU
		{E9BF6E4A-4551-4861-A3DA-83C233521317}.Debug|Any CPU.ActiveCfg = Debug|Any CPU
		{E9BF6E4A-4551-4861-A3DA-83C233521317}.Debug|Any CPU.Build.0 = Debug|Any CPU
		{E9BF6E4A-4551-4861-A3DA-83C233521317}.Release|Any CPU.ActiveCfg = Release|Any CPU
		{E9BF6E4A-4551-4861-A3DA-83C233521317}.Release|Any CPU.Build.0 = Release|Any CPU
		{29D74041-A7F6-43DB-8CF6-4AA775DC801E}.Debug|Any CPU.ActiveCfg = Debug|Any CPU
		{29D74041-A7F6-43DB-8CF6-4AA775DC801E}.Debug|Any CPU.Build.0 = Debug|Any CPU
		{29D74041-A7F6-43DB-8CF6-4AA775DC801E}.Release|Any CPU.ActiveCfg = Release|Any CPU
		{29D74041-A7F6-43DB-8CF6-4AA775DC801E}.Release|Any CPU.Build.0 = Release|Any CPU
		{AEB6D0F6-A3FC-48A6-8E5C-6A9FC422D993}.Debug|Any CPU.ActiveCfg = Debug|Any CPU
		{AEB6D0F6-A3FC-48A6-8E5C-6A9FC422D993}.Debug|Any CPU.Build.0 = Debug|Any CPU
		{AEB6D0F6-A3FC-48A6-8E5C-6A9FC422D993}.Release|Any CPU.ActiveCfg = Release|Any CPU
		{AEB6D0F6-A3FC-48A6-8E5C-6A9FC422D993}.Release|Any CPU.Build.0 = Release|Any CPU
	EndGlobalSection
	GlobalSection(SolutionProperties) = preSolution
		HideSolutionNode = FALSE
	EndGlobalSection
	GlobalSection(NestedProjects) = preSolution
		{5BD878BC-E48D-41D2-921C-7C333B0B9BA8} = {2C0530E6-4E8E-4CE4-94B6-3E7FC6385581}
		{A96E4D62-A487-45C1-B368-542F31D37975} = {5BD878BC-E48D-41D2-921C-7C333B0B9BA8}
		{581214AA-7FCF-4AAE-B505-1D8D2749202E} = {996577F0-9F04-4DCD-9B74-252F1F5DBF84}
		{4C42FE86-0D8B-44CF-8DB6-09118A694018} = {2C0530E6-4E8E-4CE4-94B6-3E7FC6385581}
		{E9BF6E4A-4551-4861-A3DA-83C233521317} = {4C42FE86-0D8B-44CF-8DB6-09118A694018}
		{C002AB9B-572E-4A72-9368-E48404B2F49B} = {2C0530E6-4E8E-4CE4-94B6-3E7FC6385581}
		{29D74041-A7F6-43DB-8CF6-4AA775DC801E} = {C002AB9B-572E-4A72-9368-E48404B2F49B}
		{D6D038DD-8DF2-4BB0-BAAC-D9A40C408DC3} = {2C0530E6-4E8E-4CE4-94B6-3E7FC6385581}
		{AEB6D0F6-A3FC-48A6-8E5C-6A9FC422D993} = {D6D038DD-8DF2-4BB0-BAAC-D9A40C408DC3}
	EndGlobalSection
	GlobalSection(ExtensibilityGlobals) = postSolution
		SolutionGuid = {13B7B6C2-D267-4214-A509-34FAF3625DC3}
	EndGlobalSection
EndGlobal
